{
  "version": 4,
  "terraform_version": "1.7.5",
  "serial": 17,
  "lineage": "e0be2991-7e36-d791-a214-d63c8aaa0ea0",
  "outputs": {},
  "resources": [
    {
      "mode": "managed",
      "type": "google_container_cluster",
      "name": "kubernetes",
      "provider": "provider[\"registry.terraform.io/hashicorp/google\"]",
      "instances": [
        {
          "schema_version": 2,
          "attributes": {
            "addons_config": [
              {
                "cloudrun_config": [],
                "config_connector_config": [],
                "dns_cache_config": [],
                "gce_persistent_disk_csi_driver_config": [
                  {
                    "enabled": true
                  }
                ],
                "gcp_filestore_csi_driver_config": [],
                "gcs_fuse_csi_driver_config": [],
                "gke_backup_agent_config": [],
                "horizontal_pod_autoscaling": [],
                "http_load_balancing": [],
                "network_policy_config": [
                  {
                    "disabled": true
                  }
                ]
              }
            ],
            "allow_net_admin": null,
            "authenticator_groups_config": [],
            "binary_authorization": [
              {
                "enabled": false,
                "evaluation_mode": ""
              }
            ],
            "cluster_autoscaling": [
              {
                "auto_provisioning_defaults": [],
                "autoscaling_profile": "BALANCED",
                "enabled": false,
                "resource_limits": []
              }
            ],
            "cluster_ipv4_cidr": "10.116.0.0/14",
            "confidential_nodes": [],
            "cost_management_config": [],
            "database_encryption": [
              {
                "key_name": "",
                "state": "DECRYPTED"
              }
            ],
            "datapath_provider": "",
            "default_max_pods_per_node": 110,
            "default_snat_status": [
              {
                "disabled": false
              }
            ],
            "deletion_protection": true,
            "description": "",
            "dns_config": [],
            "enable_autopilot": false,
            "enable_intranode_visibility": false,
            "enable_k8s_beta_apis": [],
            "enable_kubernetes_alpha": false,
            "enable_l4_ilb_subsetting": false,
            "enable_legacy_abac": false,
            "enable_shielded_nodes": true,
            "enable_tpu": false,
            "endpoint": "35.239.211.4",
            "fleet": [],
            "gateway_api_config": [],
            "id": "projects/genuine-haiku-417501/locations/us-central1-c/clusters/kubernetes",
            "identity_service_config": [],
            "initial_node_count": 1,
            "ip_allocation_policy": [
              {
                "additional_pod_ranges_config": [],
                "cluster_ipv4_cidr_block": "10.116.0.0/14",
                "cluster_secondary_range_name": "gke-kubernetes-pods-8ffdf69e",
                "pod_cidr_overprovision_config": [
                  {
                    "disabled": false
                  }
                ],
                "services_ipv4_cidr_block": "10.93.144.0/20",
                "services_secondary_range_name": "gke-kubernetes-services-8ffdf69e",
                "stack_type": "IPV4"
              }
            ],
            "label_fingerprint": "a9dc16a7",
            "location": "us-central1-c",
            "logging_config": [
              {
                "enable_components": [
                  "SYSTEM_COMPONENTS",
                  "WORKLOADS"
                ]
              }
            ],
            "logging_service": "logging.googleapis.com/kubernetes",
            "maintenance_policy": [],
            "master_auth": [
              {
                "client_certificate": "",
                "client_certificate_config": [
                  {
                    "issue_client_certificate": false
                  }
                ],
                "client_key": "",
                "cluster_ca_certificate": "LS0tLS1CRUdJTiBDRVJUSUZJQ0FURS0tLS0tCk1JSUVMVENDQXBXZ0F3SUJBZ0lSQU51VHJwbWI2SmNWWEdaRGlmTk1tbnd3RFFZSktvWklodmNOQVFFTEJRQXcKTHpFdE1Dc0dBMVVFQXhNa1kyTm1NVGRoTWpBdE16SmtPUzAwTnpFMkxXSmtORGd0T1dRM1pqWTROak5rTkRZNApNQ0FYRFRJME1ETXlNREl6TXpJeU1Wb1lEekl3TlRRd016RTBNREF6TWpJeFdqQXZNUzB3S3dZRFZRUURFeVJqClkyWXhOMkV5TUMwek1tUTVMVFEzTVRZdFltUTBPQzA1WkRkbU5qZzJNMlEwTmpnd2dnR2lNQTBHQ1NxR1NJYjMKRFFFQkFRVUFBNElCandBd2dnR0tBb0lCZ1FEQnpsYTUzM1BHTzYvcVlnVFZFN1pCR3lWOWdtdjRyQ0MyeGJrNwowTkhkYm5wN2NKeGR1d3E1eVdnb0hJeGNDUmpXREp6d2N6Q0JIMFFtNzgzazRLYlpBWlllalR5bThmczZlWWZ1CktTMy9MUnUvVE4wdnNsek0yakZHa3E0QWtzWStpMENKU2h2WHc2UVNEdkdQcm1DRjYzYkhqUTFpZ2htSjFscXYKcnZ0ZC9PNWFWRE9jS1V0WFZWL0JMd0syOXQ4Vmc5R2xwYThYWkhEV3dXNk9mNldETjVvMkdGNnl4Kzljb1BCbQpmMlU1ZHhLNGEvRGRuSUVMVGhmdEFpYmdoM1FVNmNoeUp5b1hBYVRSZm1lOWo2eXpEM3l4TDBWNzFFUjYvdjVIClAxbjlOL2cxRzA0T3BkVzlrRjd4MWR1eVVwKzlTK1pvYWZkS0VvS2Z2QXpraTU4WVVoQUc5ak5Mam1yb0VsY3QKTGhGaUYrS0dmUi9GaFZFcU50NUt1WFg3RC91Y2JQdjY4VU5QM2s4bVBQL01pMHdXSGpqZElSVjh3dUdGOHZXaApVYzFHOHB3a1pBTGxhK2VqSWd2RGNSWWlEYUd0VlhBbUdvaDUra0N1cEVoc01PVU1tVStZNUpwY0o3b3RiU1BtCnBwcmEyaWRML0RMVWU2dUowOGRpc2JFWFVZOENBd0VBQWFOQ01FQXdEZ1lEVlIwUEFRSC9CQVFEQWdJRU1BOEcKQTFVZEV3RUIvd1FGTUFNQkFmOHdIUVlEVlIwT0JCWUVGTnN2T2o4Ym5mSGc4OXJTcEpIRm9Ra0F5N1g1TUEwRwpDU3FHU0liM0RRRUJDd1VBQTRJQmdRQ1d0dk51QUF5YjV0MFE0MUsvNmRuSW9UWGlBSkVneUlNYzE2NTlOK29SCjZMdzJ3ZXRORDU3WityeTBKTTBQblpZUHNsUlZ3bVNobFVkRUdkUUxhRmFRdDQzaWFybFZtTWVxb0lZTmRBK08KeFFhaE55YnVqK2Z1NjB6Nk9rWUhoeEtPemsxWDdpdG10cldVKzJKRU0wRGRpYjluRzRLR3VRWCszQjRyWSs5dwppNmxsYkowVnVIbkI0YWQraVYrSjVZcnJwV0xtQmYzaG1UQldJcWdJb3cwN3FHRFMyM1FPSHZRYlFOb3QzR1BuCklDYndVWWY0MW4xb2JkYjZ3Nk5Ya2wrM1gyN0VVZllNZFZDdkYySlIrZHgwWmVaRUpnREYrdWV2TDVYYkh2WmcKdGtoRDg1WWdJYjhXNGdMVDZmVWFqb0NzempuSm9GcDJHTHJCT0w0OEFCQ0o2eEpHMCsxRUc0ek81ZEF5UitUawpDRDh4RlNyYTB6VXlPVm9pYTFLY1lmaDJnallpbXY1NFJiUmhQaGxLSStDZHNXWWVUMXJKVk15dzYyN1lPOEo2Ck9pWmlDMzI5MXhrdjI5dCtHMmxJR0pUT3hXT2tUdHdIQW14VFFZTEdtSUd2c1FlV3FLMkswV1JPaDI5L1NJb3cKWTNMNWNxQldFdmtHUDd2TzNlb21RZm89Ci0tLS0tRU5EIENFUlRJRklDQVRFLS0tLS0K"
              }
            ],
            "master_authorized_networks_config": [],
            "master_version": "1.27.8-gke.1067004",
            "mesh_certificates": [],
            "min_master_version": null,
            "monitoring_config": [
              {
                "advanced_datapath_observability_config": [
                  {
                    "enable_metrics": false,
                    "enable_relay": false,
                    "relay_mode": "DISABLED"
                  }
                ],
                "enable_components": [
                  "SYSTEM_COMPONENTS"
                ],
                "managed_prometheus": [
                  {
                    "enabled": true
                  }
                ]
              }
            ],
            "monitoring_service": "monitoring.googleapis.com/kubernetes",
            "name": "kubernetes",
            "network": "projects/genuine-haiku-417501/global/networks/default",
            "network_policy": [
              {
                "enabled": false,
                "provider": "PROVIDER_UNSPECIFIED"
              }
            ],
            "networking_mode": "VPC_NATIVE",
            "node_config": [],
            "node_locations": [],
            "node_pool": [],
            "node_pool_auto_config": [],
            "node_pool_defaults": [
              {
                "node_config_defaults": [
                  {
                    "logging_variant": "DEFAULT"
                  }
                ]
              }
            ],
            "node_version": "1.27.8-gke.1067004",
            "notification_config": [
              {
                "pubsub": [
                  {
                    "enabled": false,
                    "filter": [],
                    "topic": ""
                  }
                ]
              }
            ],
            "operation": null,
            "private_cluster_config": [
              {
                "enable_private_endpoint": false,
                "enable_private_nodes": false,
                "master_global_access_config": [
                  {
                    "enabled": false
                  }
                ],
                "master_ipv4_cidr_block": "",
                "peering_name": "",
                "private_endpoint": "10.128.0.25",
                "private_endpoint_subnetwork": "",
                "public_endpoint": "35.239.211.4"
              }
            ],
            "private_ipv6_google_access": "",
            "project": "genuine-haiku-417501",
            "release_channel": [
              {
                "channel": "REGULAR"
              }
            ],
            "remove_default_node_pool": true,
            "resource_labels": null,
            "resource_usage_export_config": [],
            "security_posture_config": [
              {
                "mode": "BASIC",
                "vulnerability_mode": "VULNERABILITY_MODE_UNSPECIFIED"
              }
            ],
            "self_link": "https://container.googleapis.com/v1/projects/genuine-haiku-417501/zones/us-central1-c/clusters/kubernetes",
            "service_external_ips_config": [
              {
                "enabled": false
              }
            ],
            "services_ipv4_cidr": "10.93.144.0/20",
            "subnetwork": "projects/genuine-haiku-417501/regions/us-central1/subnetworks/default",
            "timeouts": null,
            "tpu_ipv4_cidr_block": "",
            "vertical_pod_autoscaling": [],
            "workload_identity_config": []
          },
          "sensitive_attributes": [],
          "private": "eyJlMmJmYjczMC1lY2FhLTExZTYtOGY4OC0zNDM2M2JjN2M0YzAiOnsiY3JlYXRlIjoyNDAwMDAwMDAwMDAwLCJkZWxldGUiOjI0MDAwMDAwMDAwMDAsInJlYWQiOjI0MDAwMDAwMDAwMDAsInVwZGF0ZSI6MzYwMDAwMDAwMDAwMH0sInNjaGVtYV92ZXJzaW9uIjoiMiJ9"
        }
      ]
    },
    {
      "mode": "managed",
      "type": "google_container_node_pool",
      "name": "default-pool",
      "provider": "provider[\"registry.terraform.io/hashicorp/google\"]",
      "instances": [
        {
          "schema_version": 1,
          "attributes": {
            "autoscaling": [],
            "cluster": "projects/genuine-haiku-417501/locations/us-central1-c/clusters/kubernetes",
            "id": "projects/genuine-haiku-417501/locations/us-central1-c/clusters/kubernetes/nodePools/default-pool",
            "initial_node_count": 1,
            "instance_group_urls": [
              "https://www.googleapis.com/compute/v1/projects/genuine-haiku-417501/zones/us-central1-c/instanceGroupManagers/gke-kubernetes-default-pool-336d1ac0-grp"
            ],
            "location": "us-central1-c",
            "managed_instance_group_urls": [
              "https://www.googleapis.com/compute/v1/projects/genuine-haiku-417501/zones/us-central1-c/instanceGroups/gke-kubernetes-default-pool-336d1ac0-grp"
            ],
            "management": [
              {
                "auto_repair": true,
                "auto_upgrade": true
              }
            ],
            "max_pods_per_node": 110,
            "name": "default-pool",
            "name_prefix": "",
            "network_config": [
              {
                "create_pod_range": false,
                "enable_private_nodes": false,
                "network_performance_config": [],
                "pod_cidr_overprovision_config": [],
                "pod_ipv4_cidr_block": "10.116.0.0/14",
                "pod_range": "gke-kubernetes-pods-8ffdf69e"
              }
            ],
            "node_config": [
              {
                "advanced_machine_features": [],
                "boot_disk_kms_key": "",
                "confidential_nodes": [],
                "disk_size_gb": 10,
                "disk_type": "pd-standard",
                "effective_taints": [],
                "enable_confidential_storage": false,
                "ephemeral_storage_local_ssd_config": [],
                "fast_socket": [],
                "gcfs_config": [],
                "guest_accelerator": [],
                "gvnic": [],
                "host_maintenance_policy": [],
                "image_type": "COS_CONTAINERD",
                "kubelet_config": [],
                "labels": {},
                "linux_node_config": [],
                "local_nvme_ssd_block_config": [],
                "local_ssd_count": 0,
                "logging_variant": "DEFAULT",
                "machine_type": "e2-standard-2",
                "metadata": {
                  "disable-legacy-endpoints": "true"
                },
                "min_cpu_platform": "",
                "node_group": "",
                "oauth_scopes": [
                  "https://www.googleapis.com/auth/devstorage.read_only",
                  "https://www.googleapis.com/auth/logging.write",
                  "https://www.googleapis.com/auth/monitoring",
                  "https://www.googleapis.com/auth/service.management.readonly",
                  "https://www.googleapis.com/auth/servicecontrol",
                  "https://www.googleapis.com/auth/trace.append"
                ],
                "preemptible": false,
                "reservation_affinity": [],
                "resource_labels": null,
                "resource_manager_tags": null,
                "service_account": "default",
                "shielded_instance_config": [
                  {
                    "enable_integrity_monitoring": true,
                    "enable_secure_boot": false
                  }
                ],
                "sole_tenant_config": [],
                "spot": false,
                "tags": null,
                "taint": [],
                "workload_metadata_config": []
              }
            ],
            "node_count": 1,
            "node_locations": [
              "us-central1-c"
            ],
            "operation": null,
            "placement_policy": [],
            "project": "genuine-haiku-417501",
            "queued_provisioning": [],
            "timeouts": null,
            "upgrade_settings": [
              {
                "blue_green_settings": [],
                "max_surge": 1,
                "max_unavailable": 0,
                "strategy": "SURGE"
              }
            ],
            "version": "1.27.8-gke.1067004"
          },
          "sensitive_attributes": [],
          "private": "eyJlMmJmYjczMC1lY2FhLTExZTYtOGY4OC0zNDM2M2JjN2M0YzAiOnsiY3JlYXRlIjoxODAwMDAwMDAwMDAwLCJkZWxldGUiOjE4MDAwMDAwMDAwMDAsInVwZGF0ZSI6MTgwMDAwMDAwMDAwMH0sInNjaGVtYV92ZXJzaW9uIjoiMSJ9",
          "dependencies": [
            "google_container_cluster.kubernetes"
          ]
        }
      ]
    }
  ],
  "check_results": null
}
