{
  "version": 4,
  "terraform_version": "1.7.5",
  "serial": 14,
  "lineage": "e0be2991-7e36-d791-a214-d63c8aaa0ea0",
  "outputs": {},
  "resources": [
    {
      "mode": "managed",
      "type": "google_container_cluster",
      "name": "kubernetes",
      "provider": "provider[\"registry.terraform.io/hashicorp/google\"]",
      "instances": [
        {
          "schema_version": 2,
          "attributes": {
            "addons_config": null,
            "allow_net_admin": null,
            "authenticator_groups_config": null,
            "binary_authorization": [],
            "cluster_autoscaling": null,
            "cluster_ipv4_cidr": null,
            "confidential_nodes": null,
            "cost_management_config": null,
            "database_encryption": null,
            "datapath_provider": null,
            "default_max_pods_per_node": null,
            "default_snat_status": null,
            "deletion_protection": true,
            "description": null,
            "dns_config": [],
            "enable_autopilot": null,
            "enable_intranode_visibility": null,
            "enable_k8s_beta_apis": [],
            "enable_kubernetes_alpha": false,
            "enable_l4_ilb_subsetting": false,
            "enable_legacy_abac": false,
            "enable_shielded_nodes": true,
            "enable_tpu": null,
            "endpoint": null,
            "fleet": [],
            "gateway_api_config": null,
            "id": "projects/genuine-haiku-417501/locations/us-central1-c/clusters/kubernetes",
            "identity_service_config": null,
            "initial_node_count": 1,
            "ip_allocation_policy": null,
            "label_fingerprint": null,
            "location": "us-central1-c",
            "logging_config": null,
            "logging_service": null,
            "maintenance_policy": [],
            "master_auth": null,
            "master_authorized_networks_config": null,
            "master_version": null,
            "mesh_certificates": null,
            "min_master_version": null,
            "monitoring_config": null,
            "monitoring_service": null,
            "name": "kubernetes",
            "network": "default",
            "network_policy": [],
            "networking_mode": "VPC_NATIVE",
            "node_config": null,
            "node_locations": [],
            "node_pool": null,
            "node_pool_auto_config": null,
            "node_pool_defaults": null,
            "node_version": null,
            "notification_config": null,
            "operation": "operation-1710980274466-fcea2803-8a28-4a0c-bdf0-c7f38c96f37c",
            "private_cluster_config": [],
            "private_ipv6_google_access": null,
            "project": null,
            "release_channel": null,
            "remove_default_node_pool": true,
            "resource_labels": null,
            "resource_usage_export_config": [],
            "security_posture_config": null,
            "self_link": null,
            "service_external_ips_config": null,
            "services_ipv4_cidr": null,
            "subnetwork": null,
            "timeouts": null,
            "tpu_ipv4_cidr_block": null,
            "vertical_pod_autoscaling": null,
            "workload_identity_config": null
          },
          "sensitive_attributes": [],
          "private": "eyJlMmJmYjczMC1lY2FhLTExZTYtOGY4OC0zNDM2M2JjN2M0YzAiOnsiY3JlYXRlIjoyNDAwMDAwMDAwMDAwLCJkZWxldGUiOjI0MDAwMDAwMDAwMDAsInJlYWQiOjI0MDAwMDAwMDAwMDAsInVwZGF0ZSI6MzYwMDAwMDAwMDAwMH0sInNjaGVtYV92ZXJzaW9uIjoiMiJ9"
        }
      ]
    }
  ],
  "check_results": null
}
